
Microsoft Visual Studio Solution File, Format Version 12.00
# Visual Studio Version 17
VisualStudioVersion = 17.7.34031.279
MinimumVisualStudioVersion = 10.0.40219.1
Project("{9A19103F-16F7-4668-BE54-9A1E7A4F7556}") = "00. Algorithm", "00. Algorithm\00. Algorithm.csproj", "{BA3F1E99-E9C9-482C-95AB-D74449D56698}"
EndProject
Project("{FAE04EC0-301F-11D3-BF4B-00C04F79EFBC}") = "01. List_Practice", "01. List_Practice\01. List_Practice.csproj", "{0659C71D-F6CE-4920-903B-48FD15F29E7D}"
EndProject
Project("{FAE04EC0-301F-11D3-BF4B-00C04F79EFBC}") = "02. LinkedList_Practice", "02. LinkedList_Practice\02. LinkedList_Practice.csproj", "{51880EFE-2E99-494E-88AD-8D69D3ED08EE}"
EndProject
Project("{FAE04EC0-301F-11D3-BF4B-00C04F79EFBC}") = "034. StackQueue_Practice", "034. StackQueue_Practice\034. StackQueue_Practice.csproj", "{F2DE2AE1-C758-458A-8727-B9E157FF35ED}"
EndProject
Project("{FAE04EC0-301F-11D3-BF4B-00C04F79EFBC}") = "07. HashTable_Practice", "07. HashTable_Practice\07. HashTable_Practice.csproj", "{229030C8-93A6-43F0-9466-20EF1AE6E866}"
EndProject
Project("{FAE04EC0-301F-11D3-BF4B-00C04F79EFBC}") = "08. DesignTechnique_Practice", "08. DesignTechnique_Practice\08. DesignTechnique_Practice.csproj", "{1F1BD57F-3679-4773-9461-0B4EEBA2114D}"
EndProject
Project("{FAE04EC0-301F-11D3-BF4B-00C04F79EFBC}") = "09. Sort_Practice", "09. Sort_Practice\09. Sort_Practice.csproj", "{9901FE8D-EFB8-490B-8CD6-056115787906}"
EndProject
Global
	GlobalSection(SolutionConfigurationPlatforms) = preSolution
		Debug|Any CPU = Debug|Any CPU
		Release|Any CPU = Release|Any CPU
	EndGlobalSection
	GlobalSection(ProjectConfigurationPlatforms) = postSolution
		{BA3F1E99-E9C9-482C-95AB-D74449D56698}.Debug|Any CPU.ActiveCfg = Debug|Any CPU
		{BA3F1E99-E9C9-482C-95AB-D74449D56698}.Debug|Any CPU.Build.0 = Debug|Any CPU
		{BA3F1E99-E9C9-482C-95AB-D74449D56698}.Release|Any CPU.ActiveCfg = Release|Any CPU
		{BA3F1E99-E9C9-482C-95AB-D74449D56698}.Release|Any CPU.Build.0 = Release|Any CPU
		{0659C71D-F6CE-4920-903B-48FD15F29E7D}.Debug|Any CPU.ActiveCfg = Debug|Any CPU
		{0659C71D-F6CE-4920-903B-48FD15F29E7D}.Debug|Any CPU.Build.0 = Debug|Any CPU
		{0659C71D-F6CE-4920-903B-48FD15F29E7D}.Release|Any CPU.ActiveCfg = Release|Any CPU
		{0659C71D-F6CE-4920-903B-48FD15F29E7D}.Release|Any CPU.Build.0 = Release|Any CPU
		{51880EFE-2E99-494E-88AD-8D69D3ED08EE}.Debug|Any CPU.ActiveCfg = Debug|Any CPU
		{51880EFE-2E99-494E-88AD-8D69D3ED08EE}.Debug|Any CPU.Build.0 = Debug|Any CPU
		{51880EFE-2E99-494E-88AD-8D69D3ED08EE}.Release|Any CPU.ActiveCfg = Release|Any CPU
		{51880EFE-2E99-494E-88AD-8D69D3ED08EE}.Release|Any CPU.Build.0 = Release|Any CPU
		{F2DE2AE1-C758-458A-8727-B9E157FF35ED}.Debug|Any CPU.ActiveCfg = Debug|Any CPU
		{F2DE2AE1-C758-458A-8727-B9E157FF35ED}.Debug|Any CPU.Build.0 = Debug|Any CPU
		{F2DE2AE1-C758-458A-8727-B9E157FF35ED}.Release|Any CPU.ActiveCfg = Release|Any CPU
		{F2DE2AE1-C758-458A-8727-B9E157FF35ED}.Release|Any CPU.Build.0 = Release|Any CPU
		{229030C8-93A6-43F0-9466-20EF1AE6E866}.Debug|Any CPU.ActiveCfg = Debug|Any CPU
		{229030C8-93A6-43F0-9466-20EF1AE6E866}.Debug|Any CPU.Build.0 = Debug|Any CPU
		{229030C8-93A6-43F0-9466-20EF1AE6E866}.Release|Any CPU.ActiveCfg = Release|Any CPU
		{229030C8-93A6-43F0-9466-20EF1AE6E866}.Release|Any CPU.Build.0 = Release|Any CPU
		{1F1BD57F-3679-4773-9461-0B4EEBA2114D}.Debug|Any CPU.ActiveCfg = Debug|Any CPU
		{1F1BD57F-3679-4773-9461-0B4EEBA2114D}.Debug|Any CPU.Build.0 = Debug|Any CPU
		{1F1BD57F-3679-4773-9461-0B4EEBA2114D}.Release|Any CPU.ActiveCfg = Release|Any CPU
		{1F1BD57F-3679-4773-9461-0B4EEBA2114D}.Release|Any CPU.Build.0 = Release|Any CPU
		{9901FE8D-EFB8-490B-8CD6-056115787906}.Debug|Any CPU.ActiveCfg = Debug|Any CPU
		{9901FE8D-EFB8-490B-8CD6-056115787906}.Debug|Any CPU.Build.0 = Debug|Any CPU
		{9901FE8D-EFB8-490B-8CD6-056115787906}.Release|Any CPU.ActiveCfg = Release|Any CPU
		{9901FE8D-EFB8-490B-8CD6-056115787906}.Release|Any CPU.Build.0 = Release|Any CPU
	EndGlobalSection
	GlobalSection(SolutionProperties) = preSolution
		HideSolutionNode = FALSE
	EndGlobalSection
	GlobalSection(ExtensibilityGlobals) = postSolution
		SolutionGuid = {08DCB0A2-618D-4E30-80A6-EDB67530D318}
	EndGlobalSection
EndGlobal
