
Microsoft Visual Studio Solution File, Format Version 12.00
# Visual Studio Version 17
VisualStudioVersion = 17.7.34031.279
MinimumVisualStudioVersion = 10.0.40219.1
Project("{9A19103F-16F7-4668-BE54-9A1E7A4F7556}") = "00. Algorithm", "00. Algorithm\00. Algorithm.csproj", "{BA3F1E99-E9C9-482C-95AB-D74449D56698}"
EndProject
Project("{9A19103F-16F7-4668-BE54-9A1E7A4F7556}") = "01. List", "01. List\01. List.csproj", "{3A82D943-4855-43AA-8436-57962046C7ED}"
EndProject
Project("{9A19103F-16F7-4668-BE54-9A1E7A4F7556}") = "02. LinkedList", "02. LinkedList\02. LinkedList.csproj", "{5E327BF0-CC78-4327-8D85-F17F1ADE20A8}"
EndProject
Project("{9A19103F-16F7-4668-BE54-9A1E7A4F7556}") = "03. Stack", "03. Stack\03. Stack.csproj", "{2FE0FC8E-19F5-4850-956F-4D8C370D7126}"
EndProject
Project("{9A19103F-16F7-4668-BE54-9A1E7A4F7556}") = "04. Queue", "04. Queue\04. Queue.csproj", "{A80587C7-5578-4187-8CD4-A52CCA0087ED}"
EndProject
Project("{9A19103F-16F7-4668-BE54-9A1E7A4F7556}") = "05. BinarySearchTree", "05. BinarySearchTree\05. BinarySearchTree.csproj", "{DA89917F-A39D-4BB5-B3EA-61291DD95765}"
EndProject
Project("{9A19103F-16F7-4668-BE54-9A1E7A4F7556}") = "06. Heap", "06. Heap\06. Heap.csproj", "{BAD24802-FA34-47EA-8C52-C74B575AAAAA}"
EndProject
Project("{9A19103F-16F7-4668-BE54-9A1E7A4F7556}") = "07. HashTable", "07. HashTable\07. HashTable.csproj", "{4284612F-8165-46FC-BAB3-DE057CE9F532}"
EndProject
Project("{9A19103F-16F7-4668-BE54-9A1E7A4F7556}") = "08. DesignTechnique", "08. DesignTechnique\08. DesignTechnique.csproj", "{DC273989-4B34-4763-87E9-7D73FA7787B5}"
EndProject
Project("{FAE04EC0-301F-11D3-BF4B-00C04F79EFBC}") = "09. Sort", "09. Sort\09. Sort.csproj", "{165CC5A6-4573-4975-BE6A-09466574EDE1}"
EndProject
Global
	GlobalSection(SolutionConfigurationPlatforms) = preSolution
		Debug|Any CPU = Debug|Any CPU
		Release|Any CPU = Release|Any CPU
	EndGlobalSection
	GlobalSection(ProjectConfigurationPlatforms) = postSolution
		{BA3F1E99-E9C9-482C-95AB-D74449D56698}.Debug|Any CPU.ActiveCfg = Debug|Any CPU
		{BA3F1E99-E9C9-482C-95AB-D74449D56698}.Debug|Any CPU.Build.0 = Debug|Any CPU
		{BA3F1E99-E9C9-482C-95AB-D74449D56698}.Release|Any CPU.ActiveCfg = Release|Any CPU
		{BA3F1E99-E9C9-482C-95AB-D74449D56698}.Release|Any CPU.Build.0 = Release|Any CPU
		{3A82D943-4855-43AA-8436-57962046C7ED}.Debug|Any CPU.ActiveCfg = Debug|Any CPU
		{3A82D943-4855-43AA-8436-57962046C7ED}.Debug|Any CPU.Build.0 = Debug|Any CPU
		{3A82D943-4855-43AA-8436-57962046C7ED}.Release|Any CPU.ActiveCfg = Release|Any CPU
		{3A82D943-4855-43AA-8436-57962046C7ED}.Release|Any CPU.Build.0 = Release|Any CPU
		{5E327BF0-CC78-4327-8D85-F17F1ADE20A8}.Debug|Any CPU.ActiveCfg = Debug|Any CPU
		{5E327BF0-CC78-4327-8D85-F17F1ADE20A8}.Debug|Any CPU.Build.0 = Debug|Any CPU
		{5E327BF0-CC78-4327-8D85-F17F1ADE20A8}.Release|Any CPU.ActiveCfg = Release|Any CPU
		{5E327BF0-CC78-4327-8D85-F17F1ADE20A8}.Release|Any CPU.Build.0 = Release|Any CPU
		{2FE0FC8E-19F5-4850-956F-4D8C370D7126}.Debug|Any CPU.ActiveCfg = Debug|Any CPU
		{2FE0FC8E-19F5-4850-956F-4D8C370D7126}.Debug|Any CPU.Build.0 = Debug|Any CPU
		{2FE0FC8E-19F5-4850-956F-4D8C370D7126}.Release|Any CPU.ActiveCfg = Release|Any CPU
		{2FE0FC8E-19F5-4850-956F-4D8C370D7126}.Release|Any CPU.Build.0 = Release|Any CPU
		{A80587C7-5578-4187-8CD4-A52CCA0087ED}.Debug|Any CPU.ActiveCfg = Debug|Any CPU
		{A80587C7-5578-4187-8CD4-A52CCA0087ED}.Debug|Any CPU.Build.0 = Debug|Any CPU
		{A80587C7-5578-4187-8CD4-A52CCA0087ED}.Release|Any CPU.ActiveCfg = Release|Any CPU
		{A80587C7-5578-4187-8CD4-A52CCA0087ED}.Release|Any CPU.Build.0 = Release|Any CPU
		{DA89917F-A39D-4BB5-B3EA-61291DD95765}.Debug|Any CPU.ActiveCfg = Debug|Any CPU
		{DA89917F-A39D-4BB5-B3EA-61291DD95765}.Debug|Any CPU.Build.0 = Debug|Any CPU
		{DA89917F-A39D-4BB5-B3EA-61291DD95765}.Release|Any CPU.ActiveCfg = Release|Any CPU
		{DA89917F-A39D-4BB5-B3EA-61291DD95765}.Release|Any CPU.Build.0 = Release|Any CPU
		{BAD24802-FA34-47EA-8C52-C74B575AAAAA}.Debug|Any CPU.ActiveCfg = Debug|Any CPU
		{BAD24802-FA34-47EA-8C52-C74B575AAAAA}.Debug|Any CPU.Build.0 = Debug|Any CPU
		{BAD24802-FA34-47EA-8C52-C74B575AAAAA}.Release|Any CPU.ActiveCfg = Release|Any CPU
		{BAD24802-FA34-47EA-8C52-C74B575AAAAA}.Release|Any CPU.Build.0 = Release|Any CPU
		{4284612F-8165-46FC-BAB3-DE057CE9F532}.Debug|Any CPU.ActiveCfg = Debug|Any CPU
		{4284612F-8165-46FC-BAB3-DE057CE9F532}.Debug|Any CPU.Build.0 = Debug|Any CPU
		{4284612F-8165-46FC-BAB3-DE057CE9F532}.Release|Any CPU.ActiveCfg = Release|Any CPU
		{4284612F-8165-46FC-BAB3-DE057CE9F532}.Release|Any CPU.Build.0 = Release|Any CPU
		{DC273989-4B34-4763-87E9-7D73FA7787B5}.Debug|Any CPU.ActiveCfg = Debug|Any CPU
		{DC273989-4B34-4763-87E9-7D73FA7787B5}.Debug|Any CPU.Build.0 = Debug|Any CPU
		{DC273989-4B34-4763-87E9-7D73FA7787B5}.Release|Any CPU.ActiveCfg = Release|Any CPU
		{DC273989-4B34-4763-87E9-7D73FA7787B5}.Release|Any CPU.Build.0 = Release|Any CPU
		{165CC5A6-4573-4975-BE6A-09466574EDE1}.Debug|Any CPU.ActiveCfg = Debug|Any CPU
		{165CC5A6-4573-4975-BE6A-09466574EDE1}.Debug|Any CPU.Build.0 = Debug|Any CPU
		{165CC5A6-4573-4975-BE6A-09466574EDE1}.Release|Any CPU.ActiveCfg = Release|Any CPU
		{165CC5A6-4573-4975-BE6A-09466574EDE1}.Release|Any CPU.Build.0 = Release|Any CPU
	EndGlobalSection
	GlobalSection(SolutionProperties) = preSolution
		HideSolutionNode = FALSE
	EndGlobalSection
	GlobalSection(ExtensibilityGlobals) = postSolution
		SolutionGuid = {08DCB0A2-618D-4E30-80A6-EDB67530D318}
	EndGlobalSection
EndGlobal
